Microsoft Visual Studio Solution File, Format Version 12.00
# Visual Studio 2012
Project("{FAE04EC0-301F-11D3-BF4B-00C04F79EFBC}") = "Platform", "Platform.csproj", "{500A7F4A-29D7-4205-9F71-639C81F48883}"
EndProject
Global
	GlobalSection(SolutionConfigurationPlatforms) = preSolution
	Debug|Any CPU = Debug|Any CPU
	ExportDebug|Any CPU = ExportDebug|Any CPU
	ExportRelease|Any CPU = ExportRelease|Any CPU
	EndGlobalSection
	GlobalSection(ProjectConfigurationPlatforms) = postSolution
		{500A7F4A-29D7-4205-9F71-639C81F48883}.Debug|Any CPU.ActiveCfg = Debug|Any CPU
		{500A7F4A-29D7-4205-9F71-639C81F48883}.Debug|Any CPU.Build.0 = Debug|Any CPU
		{500A7F4A-29D7-4205-9F71-639C81F48883}.ExportDebug|Any CPU.ActiveCfg = ExportDebug|Any CPU
		{500A7F4A-29D7-4205-9F71-639C81F48883}.ExportDebug|Any CPU.Build.0 = ExportDebug|Any CPU
		{500A7F4A-29D7-4205-9F71-639C81F48883}.ExportRelease|Any CPU.ActiveCfg = ExportRelease|Any CPU
		{500A7F4A-29D7-4205-9F71-639C81F48883}.ExportRelease|Any CPU.Build.0 = ExportRelease|Any CPU
	EndGlobalSection
EndGlobal
